
Microsoft Visual Studio Solution File, Format Version 12.00
# Visual Studio Version 16
VisualStudioVersion = 16.0.32413.511
MinimumVisualStudioVersion = 10.0.40219.1
Project("{9A19103F-16F7-4668-BE54-9A1E7A4F7556}") = "Coolblue.API", "Coolblue.API\Coolblue.API.csproj", "{3479AE7C-6014-49A4-B460-98FDE4242344}"
EndProject
Project("{9A19103F-16F7-4668-BE54-9A1E7A4F7556}") = "Coolblue.Api.Tests", "Coolblue.Api.Tests\Coolblue.Api.Tests.csproj", "{05A7E6CE-7BA2-4EED-9F38-51102D9E2D0C}"
EndProject
Global
	GlobalSection(SolutionConfigurationPlatforms) = preSolution
		Debug|Any CPU = Debug|Any CPU
		Release|Any CPU = Release|Any CPU
	EndGlobalSection
	GlobalSection(ProjectConfigurationPlatforms) = postSolution
		{3479AE7C-6014-49A4-B460-98FDE4242344}.Debug|Any CPU.ActiveCfg = Debug|Any CPU
		{3479AE7C-6014-49A4-B460-98FDE4242344}.Debug|Any CPU.Build.0 = Debug|Any CPU
		{3479AE7C-6014-49A4-B460-98FDE4242344}.Release|Any CPU.ActiveCfg = Release|Any CPU
		{3479AE7C-6014-49A4-B460-98FDE4242344}.Release|Any CPU.Build.0 = Release|Any CPU
		{05A7E6CE-7BA2-4EED-9F38-51102D9E2D0C}.Debug|Any CPU.ActiveCfg = Debug|Any CPU
		{05A7E6CE-7BA2-4EED-9F38-51102D9E2D0C}.Debug|Any CPU.Build.0 = Debug|Any CPU
		{05A7E6CE-7BA2-4EED-9F38-51102D9E2D0C}.Release|Any CPU.ActiveCfg = Release|Any CPU
		{05A7E6CE-7BA2-4EED-9F38-51102D9E2D0C}.Release|Any CPU.Build.0 = Release|Any CPU
	EndGlobalSection
	GlobalSection(SolutionProperties) = preSolution
		HideSolutionNode = FALSE
	EndGlobalSection
	GlobalSection(ExtensibilityGlobals) = postSolution
		SolutionGuid = {DAD23880-A21D-42A4-BA3C-06EB2BC7ADD9}
	EndGlobalSection
EndGlobal
